// !$*UTF8*$!
{
	archiveVersion = 1;
	classes = {
	};
	objectVersion = 56;
	objects = {

/* Begin PBXBuildFile section */
		6312C8BA2B73BFE500F8582B /* SquareImageView.swift in Sources */ = {isa = PBXBuildFile; fileRef = 6312C8B92B73BFE500F8582B /* SquareImageView.swift */; };
		631BF0592B73B37200141C81 /* GridItems.swift in Sources */ = {isa = PBXBuildFile; fileRef = 631BF0582B73B37200141C81 /* GridItems.swift */; };
		631BF05B2B73B38100141C81 /* ButtonModifier.swift in Sources */ = {isa = PBXBuildFile; fileRef = 631BF05A2B73B38100141C81 /* ButtonModifier.swift */; };
		6321F1EC2B6C37CE00671F9F /* BreedListViewModel.swift in Sources */ = {isa = PBXBuildFile; fileRef = 6321F1EB2B6C37CE00671F9F /* BreedListViewModel.swift */; };
		638A28432B726D24005F1040 /* IndividualBreedViewModel.swift in Sources */ = {isa = PBXBuildFile; fileRef = 638A28422B726D24005F1040 /* IndividualBreedViewModel.swift */; };
		63AC79072B6BC93F0022991A /* PuppyPickerApp.swift in Sources */ = {isa = PBXBuildFile; fileRef = 63AC79062B6BC93F0022991A /* PuppyPickerApp.swift */; };
		63AC79092B6BC93F0022991A /* ContentView.swift in Sources */ = {isa = PBXBuildFile; fileRef = 63AC79082B6BC93F0022991A /* ContentView.swift */; };
		63AC790B2B6BC9420022991A /* Assets.xcassets in Resources */ = {isa = PBXBuildFile; fileRef = 63AC790A2B6BC9420022991A /* Assets.xcassets */; };
		63AC790E2B6BC9420022991A /* Preview Assets.xcassets in Resources */ = {isa = PBXBuildFile; fileRef = 63AC790D2B6BC9420022991A /* Preview Assets.xcassets */; };
		63AC79182B6BC9420022991A /* PuppyPickerTests.swift in Sources */ = {isa = PBXBuildFile; fileRef = 63AC79172B6BC9420022991A /* PuppyPickerTests.swift */; };
		63AC79222B6BC9420022991A /* PuppyPickerUITests.swift in Sources */ = {isa = PBXBuildFile; fileRef = 63AC79212B6BC9420022991A /* PuppyPickerUITests.swift */; };
		63AC79242B6BC9420022991A /* PuppyPickerUITestsLaunchTests.swift in Sources */ = {isa = PBXBuildFile; fileRef = 63AC79232B6BC9420022991A /* PuppyPickerUITestsLaunchTests.swift */; };
		63AC793C2B6BCBBD0022991A /* IndividualBreedView.swift in Sources */ = {isa = PBXBuildFile; fileRef = 63AC793B2B6BCBBD0022991A /* IndividualBreedView.swift */; };
		63AC793E2B6BCF7B0022991A /* Breed.swift in Sources */ = {isa = PBXBuildFile; fileRef = 63AC793D2B6BCF7B0022991A /* Breed.swift */; };
		63AC79402B6BD1640022991A /* APIManager.swift in Sources */ = {isa = PBXBuildFile; fileRef = 63AC793F2B6BD1640022991A /* APIManager.swift */; };
		63AC79422B6BD98C0022991A /* BreedListView.swift in Sources */ = {isa = PBXBuildFile; fileRef = 63AC79412B6BD98C0022991A /* BreedListView.swift */; };
		63EEFE4F2B72D1B700D229CA /* DogImageView.swift in Sources */ = {isa = PBXBuildFile; fileRef = 63EEFE4E2B72D1B700D229CA /* DogImageView.swift */; };
/* End PBXBuildFile section */

/* Begin PBXContainerItemProxy section */
		63AC79142B6BC9420022991A /* PBXContainerItemProxy */ = {
			isa = PBXContainerItemProxy;
			containerPortal = 63AC78FB2B6BC93F0022991A /* Project object */;
			proxyType = 1;
			remoteGlobalIDString = 63AC79022B6BC93F0022991A;
			remoteInfo = PuppyPicker;
		};
		63AC791E2B6BC9420022991A /* PBXContainerItemProxy */ = {
			isa = PBXContainerItemProxy;
			containerPortal = 63AC78FB2B6BC93F0022991A /* Project object */;
			proxyType = 1;
			remoteGlobalIDString = 63AC79022B6BC93F0022991A;
			remoteInfo = PuppyPicker;
		};
/* End PBXContainerItemProxy section */

/* Begin PBXFileReference section */
		6312C8B92B73BFE500F8582B /* SquareImageView.swift */ = {isa = PBXFileReference; lastKnownFileType = sourcecode.swift; path = SquareImageView.swift; sourceTree = "<group>"; };
		631BF0582B73B37200141C81 /* GridItems.swift */ = {isa = PBXFileReference; lastKnownFileType = sourcecode.swift; path = GridItems.swift; sourceTree = "<group>"; };
		631BF05A2B73B38100141C81 /* ButtonModifier.swift */ = {isa = PBXFileReference; lastKnownFileType = sourcecode.swift; path = ButtonModifier.swift; sourceTree = "<group>"; };
		6321F1EB2B6C37CE00671F9F /* BreedListViewModel.swift */ = {isa = PBXFileReference; lastKnownFileType = sourcecode.swift; path = BreedListViewModel.swift; sourceTree = "<group>"; };
		638A28422B726D24005F1040 /* IndividualBreedViewModel.swift */ = {isa = PBXFileReference; lastKnownFileType = sourcecode.swift; path = IndividualBreedViewModel.swift; sourceTree = "<group>"; };
		63AC79032B6BC93F0022991A /* PuppyPicker.app */ = {isa = PBXFileReference; explicitFileType = wrapper.application; includeInIndex = 0; path = PuppyPicker.app; sourceTree = BUILT_PRODUCTS_DIR; };
		63AC79062B6BC93F0022991A /* PuppyPickerApp.swift */ = {isa = PBXFileReference; lastKnownFileType = sourcecode.swift; path = PuppyPickerApp.swift; sourceTree = "<group>"; };
		63AC79082B6BC93F0022991A /* ContentView.swift */ = {isa = PBXFileReference; lastKnownFileType = sourcecode.swift; path = ContentView.swift; sourceTree = "<group>"; };
		63AC790A2B6BC9420022991A /* Assets.xcassets */ = {isa = PBXFileReference; lastKnownFileType = folder.assetcatalog; path = Assets.xcassets; sourceTree = "<group>"; };
		63AC790D2B6BC9420022991A /* Preview Assets.xcassets */ = {isa = PBXFileReference; lastKnownFileType = folder.assetcatalog; path = "Preview Assets.xcassets"; sourceTree = "<group>"; };
		63AC79132B6BC9420022991A /* PuppyPickerTests.xctest */ = {isa = PBXFileReference; explicitFileType = wrapper.cfbundle; includeInIndex = 0; path = PuppyPickerTests.xctest; sourceTree = BUILT_PRODUCTS_DIR; };
		63AC79172B6BC9420022991A /* PuppyPickerTests.swift */ = {isa = PBXFileReference; lastKnownFileType = sourcecode.swift; path = PuppyPickerTests.swift; sourceTree = "<group>"; };
		63AC791D2B6BC9420022991A /* PuppyPickerUITests.xctest */ = {isa = PBXFileReference; explicitFileType = wrapper.cfbundle; includeInIndex = 0; path = PuppyPickerUITests.xctest; sourceTree = BUILT_PRODUCTS_DIR; };
		63AC79212B6BC9420022991A /* PuppyPickerUITests.swift */ = {isa = PBXFileReference; lastKnownFileType = sourcecode.swift; path = PuppyPickerUITests.swift; sourceTree = "<group>"; };
		63AC79232B6BC9420022991A /* PuppyPickerUITestsLaunchTests.swift */ = {isa = PBXFileReference; lastKnownFileType = sourcecode.swift; path = PuppyPickerUITestsLaunchTests.swift; sourceTree = "<group>"; };
		63AC793B2B6BCBBD0022991A /* IndividualBreedView.swift */ = {isa = PBXFileReference; lastKnownFileType = sourcecode.swift; path = IndividualBreedView.swift; sourceTree = "<group>"; };
		63AC793D2B6BCF7B0022991A /* Breed.swift */ = {isa = PBXFileReference; lastKnownFileType = sourcecode.swift; path = Breed.swift; sourceTree = "<group>"; };
		63AC793F2B6BD1640022991A /* APIManager.swift */ = {isa = PBXFileReference; lastKnownFileType = sourcecode.swift; path = APIManager.swift; sourceTree = "<group>"; };
		63AC79412B6BD98C0022991A /* BreedListView.swift */ = {isa = PBXFileReference; lastKnownFileType = sourcecode.swift; path = BreedListView.swift; sourceTree = "<group>"; };
		63EEFE4E2B72D1B700D229CA /* DogImageView.swift */ = {isa = PBXFileReference; lastKnownFileType = sourcecode.swift; path = DogImageView.swift; sourceTree = "<group>"; };
/* End PBXFileReference section */

/* Begin PBXFrameworksBuildPhase section */
		63AC79002B6BC93F0022991A /* Frameworks */ = {
			isa = PBXFrameworksBuildPhase;
			buildActionMask = 2147483647;
			files = (
			);
			runOnlyForDeploymentPostprocessing = 0;
		};
		63AC79102B6BC9420022991A /* Frameworks */ = {
			isa = PBXFrameworksBuildPhase;
			buildActionMask = 2147483647;
			files = (
			);
			runOnlyForDeploymentPostprocessing = 0;
		};
		63AC791A2B6BC9420022991A /* Frameworks */ = {
			isa = PBXFrameworksBuildPhase;
			buildActionMask = 2147483647;
			files = (
			);
			runOnlyForDeploymentPostprocessing = 0;
		};
/* End PBXFrameworksBuildPhase section */

/* Begin PBXGroup section */
		631BF0562B73B33E00141C81 /* Utilities */ = {
			isa = PBXGroup;
			children = (
				631BF0572B73B34B00141C81 /* ViewModifiers */,
			);
			path = Utilities;
			sourceTree = "<group>";
		};
		631BF0572B73B34B00141C81 /* ViewModifiers */ = {
			isa = PBXGroup;
			children = (
				631BF0582B73B37200141C81 /* GridItems.swift */,
				631BF05A2B73B38100141C81 /* ButtonModifier.swift */,
				6312C8B92B73BFE500F8582B /* SquareImageView.swift */,
			);
			path = ViewModifiers;
			sourceTree = "<group>";
		};
		63AC78FA2B6BC93F0022991A = {
			isa = PBXGroup;
			children = (
				63AC79052B6BC93F0022991A /* PuppyPicker */,
				63AC79162B6BC9420022991A /* PuppyPickerTests */,
				63AC79202B6BC9420022991A /* PuppyPickerUITests */,
				63AC79042B6BC93F0022991A /* Products */,
			);
			sourceTree = "<group>";
		};
		63AC79042B6BC93F0022991A /* Products */ = {
			isa = PBXGroup;
			children = (
				63AC79032B6BC93F0022991A /* PuppyPicker.app */,
				63AC79132B6BC9420022991A /* PuppyPickerTests.xctest */,
				63AC791D2B6BC9420022991A /* PuppyPickerUITests.xctest */,
			);
			name = Products;
			sourceTree = "<group>";
		};
		63AC79052B6BC93F0022991A /* PuppyPicker */ = {
			isa = PBXGroup;
			children = (
				631BF0562B73B33E00141C81 /* Utilities */,
				63AC79342B6BCAF40022991A /* App */,
				63AC79372B6BCB5C0022991A /* Root */,
				63AC79362B6BCB340022991A /* BreedList */,
				63EEFE502B72DE3E00D229CA /* DogImage */,
				63AC79352B6BCB260022991A /* IndividualBreed */,
				63AC79332B6BCAEE0022991A /* Networking */,
				63AC79322B6BCAEC0022991A /* Model */,
				63AC790A2B6BC9420022991A /* Assets.xcassets */,
				63AC790C2B6BC9420022991A /* Preview Content */,
			);
			path = PuppyPicker;
			sourceTree = "<group>";
		};
		63AC790C2B6BC9420022991A /* Preview Content */ = {
			isa = PBXGroup;
			children = (
				63AC790D2B6BC9420022991A /* Preview Assets.xcassets */,
			);
			path = "Preview Content";
			sourceTree = "<group>";
		};
		63AC79162B6BC9420022991A /* PuppyPickerTests */ = {
			isa = PBXGroup;
			children = (
				63AC79172B6BC9420022991A /* PuppyPickerTests.swift */,
			);
			path = PuppyPickerTests;
			sourceTree = "<group>";
		};
		63AC79202B6BC9420022991A /* PuppyPickerUITests */ = {
			isa = PBXGroup;
			children = (
				63AC79212B6BC9420022991A /* PuppyPickerUITests.swift */,
				63AC79232B6BC9420022991A /* PuppyPickerUITestsLaunchTests.swift */,
			);
			path = PuppyPickerUITests;
			sourceTree = "<group>";
		};
		63AC79302B6BCAE60022991A /* ViewModel */ = {
			isa = PBXGroup;
			children = (
				6321F1EB2B6C37CE00671F9F /* BreedListViewModel.swift */,
			);
			path = ViewModel;
			sourceTree = "<group>";
		};
		63AC79312B6BCAE90022991A /* View */ = {
			isa = PBXGroup;
			children = (
				63AC79412B6BD98C0022991A /* BreedListView.swift */,
			);
			path = View;
			sourceTree = "<group>";
		};
		63AC79322B6BCAEC0022991A /* Model */ = {
			isa = PBXGroup;
			children = (
				63AC793D2B6BCF7B0022991A /* Breed.swift */,
			);
			path = Model;
			sourceTree = "<group>";
		};
		63AC79332B6BCAEE0022991A /* Networking */ = {
			isa = PBXGroup;
			children = (
				63AC793F2B6BD1640022991A /* APIManager.swift */,
			);
			path = Networking;
			sourceTree = "<group>";
		};
		63AC79342B6BCAF40022991A /* App */ = {
			isa = PBXGroup;
			children = (
				63AC79062B6BC93F0022991A /* PuppyPickerApp.swift */,
			);
			path = App;
			sourceTree = "<group>";
		};
		63AC79352B6BCB260022991A /* IndividualBreed */ = {
			isa = PBXGroup;
			children = (
				63AC793A2B6BCB970022991A /* View */,
				63AC79392B6BCB950022991A /* ViewModel */,
			);
			path = IndividualBreed;
			sourceTree = "<group>";
		};
		63AC79362B6BCB340022991A /* BreedList */ = {
			isa = PBXGroup;
			children = (
				63AC79312B6BCAE90022991A /* View */,
				63AC79302B6BCAE60022991A /* ViewModel */,
			);
			path = BreedList;
			sourceTree = "<group>";
		};
		63AC79372B6BCB5C0022991A /* Root */ = {
			isa = PBXGroup;
			children = (
				63AC79382B6BCB680022991A /* View */,
			);
			path = Root;
			sourceTree = "<group>";
		};
		63AC79382B6BCB680022991A /* View */ = {
			isa = PBXGroup;
			children = (
				63AC79082B6BC93F0022991A /* ContentView.swift */,
			);
			path = View;
			sourceTree = "<group>";
		};
		63AC79392B6BCB950022991A /* ViewModel */ = {
			isa = PBXGroup;
			children = (
				638A28422B726D24005F1040 /* IndividualBreedViewModel.swift */,
			);
			path = ViewModel;
			sourceTree = "<group>";
		};
		63AC793A2B6BCB970022991A /* View */ = {
			isa = PBXGroup;
			children = (
				63AC793B2B6BCBBD0022991A /* IndividualBreedView.swift */,
			);
			path = View;
			sourceTree = "<group>";
		};
		63EEFE502B72DE3E00D229CA /* DogImage */ = {
			isa = PBXGroup;
			children = (
				63EEFE512B72DE5A00D229CA /* View */,
			);
			path = DogImage;
			sourceTree = "<group>";
		};
		63EEFE512B72DE5A00D229CA /* View */ = {
			isa = PBXGroup;
			children = (
				63EEFE4E2B72D1B700D229CA /* DogImageView.swift */,
			);
			path = View;
			sourceTree = "<group>";
		};
/* End PBXGroup section */

/* Begin PBXNativeTarget section */
		63AC79022B6BC93F0022991A /* PuppyPicker */ = {
			isa = PBXNativeTarget;
			buildConfigurationList = 63AC79272B6BC9420022991A /* Build configuration list for PBXNativeTarget "PuppyPicker" */;
			buildPhases = (
				63AC78FF2B6BC93F0022991A /* Sources */,
				63AC79002B6BC93F0022991A /* Frameworks */,
				63AC79012B6BC93F0022991A /* Resources */,
			);
			buildRules = (
			);
			dependencies = (
			);
			name = PuppyPicker;
			productName = PuppyPicker;
			productReference = 63AC79032B6BC93F0022991A /* PuppyPicker.app */;
			productType = "com.apple.product-type.application";
		};
		63AC79122B6BC9420022991A /* PuppyPickerTests */ = {
			isa = PBXNativeTarget;
			buildConfigurationList = 63AC792A2B6BC9420022991A /* Build configuration list for PBXNativeTarget "PuppyPickerTests" */;
			buildPhases = (
				63AC790F2B6BC9420022991A /* Sources */,
				63AC79102B6BC9420022991A /* Frameworks */,
				63AC79112B6BC9420022991A /* Resources */,
			);
			buildRules = (
			);
			dependencies = (
				63AC79152B6BC9420022991A /* PBXTargetDependency */,
			);
			name = PuppyPickerTests;
			productName = PuppyPickerTests;
			productReference = 63AC79132B6BC9420022991A /* PuppyPickerTests.xctest */;
			productType = "com.apple.product-type.bundle.unit-test";
		};
		63AC791C2B6BC9420022991A /* PuppyPickerUITests */ = {
			isa = PBXNativeTarget;
			buildConfigurationList = 63AC792D2B6BC9420022991A /* Build configuration list for PBXNativeTarget "PuppyPickerUITests" */;
			buildPhases = (
				63AC79192B6BC9420022991A /* Sources */,
				63AC791A2B6BC9420022991A /* Frameworks */,
				63AC791B2B6BC9420022991A /* Resources */,
			);
			buildRules = (
			);
			dependencies = (
				63AC791F2B6BC9420022991A /* PBXTargetDependency */,
			);
			name = PuppyPickerUITests;
			productName = PuppyPickerUITests;
			productReference = 63AC791D2B6BC9420022991A /* PuppyPickerUITests.xctest */;
			productType = "com.apple.product-type.bundle.ui-testing";
		};
/* End PBXNativeTarget section */

/* Begin PBXProject section */
		63AC78FB2B6BC93F0022991A /* Project object */ = {
			isa = PBXProject;
			attributes = {
				BuildIndependentTargetsInParallel = 1;
				LastSwiftUpdateCheck = 1520;
				LastUpgradeCheck = 1520;
				TargetAttributes = {
					63AC79022B6BC93F0022991A = {
						CreatedOnToolsVersion = 15.2;
					};
					63AC79122B6BC9420022991A = {
						CreatedOnToolsVersion = 15.2;
						TestTargetID = 63AC79022B6BC93F0022991A;
					};
					63AC791C2B6BC9420022991A = {
						CreatedOnToolsVersion = 15.2;
						TestTargetID = 63AC79022B6BC93F0022991A;
					};
				};
			};
			buildConfigurationList = 63AC78FE2B6BC93F0022991A /* Build configuration list for PBXProject "PuppyPicker" */;
			compatibilityVersion = "Xcode 14.0";
			developmentRegion = en;
			hasScannedForEncodings = 0;
			knownRegions = (
				en,
				Base,
			);
			mainGroup = 63AC78FA2B6BC93F0022991A;
			productRefGroup = 63AC79042B6BC93F0022991A /* Products */;
			projectDirPath = "";
			projectRoot = "";
			targets = (
				63AC79022B6BC93F0022991A /* PuppyPicker */,
				63AC79122B6BC9420022991A /* PuppyPickerTests */,
				63AC791C2B6BC9420022991A /* PuppyPickerUITests */,
			);
		};
/* End PBXProject section */

/* Begin PBXResourcesBuildPhase section */
		63AC79012B6BC93F0022991A /* Resources */ = {
			isa = PBXResourcesBuildPhase;
			buildActionMask = 2147483647;
			files = (
				63AC790E2B6BC9420022991A /* Preview Assets.xcassets in Resources */,
				63AC790B2B6BC9420022991A /* Assets.xcassets in Resources */,
			);
			runOnlyForDeploymentPostprocessing = 0;
		};
		63AC79112B6BC9420022991A /* Resources */ = {
			isa = PBXResourcesBuildPhase;
			buildActionMask = 2147483647;
			files = (
			);
			runOnlyForDeploymentPostprocessing = 0;
		};
		63AC791B2B6BC9420022991A /* Resources */ = {
			isa = PBXResourcesBuildPhase;
			buildActionMask = 2147483647;
			files = (
			);
			runOnlyForDeploymentPostprocessing = 0;
		};
/* End PBXResourcesBuildPhase section */

/* Begin PBXSourcesBuildPhase section */
		63AC78FF2B6BC93F0022991A /* Sources */ = {
			isa = PBXSourcesBuildPhase;
			buildActionMask = 2147483647;
			files = (
				631BF0592B73B37200141C81 /* GridItems.swift in Sources */,
				6312C8BA2B73BFE500F8582B /* SquareImageView.swift in Sources */,
				638A28432B726D24005F1040 /* IndividualBreedViewModel.swift in Sources */,
				63EEFE4F2B72D1B700D229CA /* DogImageView.swift in Sources */,
				6321F1EC2B6C37CE00671F9F /* BreedListViewModel.swift in Sources */,
				63AC793E2B6BCF7B0022991A /* Breed.swift in Sources */,
				63AC79092B6BC93F0022991A /* ContentView.swift in Sources */,
				63AC79402B6BD1640022991A /* APIManager.swift in Sources */,
				63AC793C2B6BCBBD0022991A /* IndividualBreedView.swift in Sources */,
				63AC79072B6BC93F0022991A /* PuppyPickerApp.swift in Sources */,
				63AC79422B6BD98C0022991A /* BreedListView.swift in Sources */,
				631BF05B2B73B38100141C81 /* ButtonModifier.swift in Sources */,
			);
			runOnlyForDeploymentPostprocessing = 0;
		};
		63AC790F2B6BC9420022991A /* Sources */ = {
			isa = PBXSourcesBuildPhase;
			buildActionMask = 2147483647;
			files = (
				63AC79182B6BC9420022991A /* PuppyPickerTests.swift in Sources */,
			);
			runOnlyForDeploymentPostprocessing = 0;
		};
		63AC79192B6BC9420022991A /* Sources */ = {
			isa = PBXSourcesBuildPhase;
			buildActionMask = 2147483647;
			files = (
				63AC79222B6BC9420022991A /* PuppyPickerUITests.swift in Sources */,
				63AC79242B6BC9420022991A /* PuppyPickerUITestsLaunchTests.swift in Sources */,
			);
			runOnlyForDeploymentPostprocessing = 0;
		};
/* End PBXSourcesBuildPhase section */

/* Begin PBXTargetDependency section */
		63AC79152B6BC9420022991A /* PBXTargetDependency */ = {
			isa = PBXTargetDependency;
			target = 63AC79022B6BC93F0022991A /* PuppyPicker */;
			targetProxy = 63AC79142B6BC9420022991A /* PBXContainerItemProxy */;
		};
		63AC791F2B6BC9420022991A /* PBXTargetDependency */ = {
			isa = PBXTargetDependency;
			target = 63AC79022B6BC93F0022991A /* PuppyPicker */;
			targetProxy = 63AC791E2B6BC9420022991A /* PBXContainerItemProxy */;
		};
/* End PBXTargetDependency section */

/* Begin XCBuildConfiguration section */
		63AC79252B6BC9420022991A /* Debug */ = {
			isa = XCBuildConfiguration;
			buildSettings = {
				ALWAYS_SEARCH_USER_PATHS = NO;
				ASSETCATALOG_COMPILER_GENERATE_SWIFT_ASSET_SYMBOL_EXTENSIONS = YES;
				CLANG_ANALYZER_NONNULL = YES;
				CLANG_ANALYZER_NUMBER_OBJECT_CONVERSION = YES_AGGRESSIVE;
				CLANG_CXX_LANGUAGE_STANDARD = "gnu++20";
				CLANG_ENABLE_MODULES = YES;
				CLANG_ENABLE_OBJC_ARC = YES;
				CLANG_ENABLE_OBJC_WEAK = YES;
				CLANG_WARN_BLOCK_CAPTURE_AUTORELEASING = YES;
				CLANG_WARN_BOOL_CONVERSION = YES;
				CLANG_WARN_COMMA = YES;
				CLANG_WARN_CONSTANT_CONVERSION = YES;
				CLANG_WARN_DEPRECATED_OBJC_IMPLEMENTATIONS = YES;
				CLANG_WARN_DIRECT_OBJC_ISA_USAGE = YES_ERROR;
				CLANG_WARN_DOCUMENTATION_COMMENTS = YES;
				CLANG_WARN_EMPTY_BODY = YES;
				CLANG_WARN_ENUM_CONVERSION = YES;
				CLANG_WARN_INFINITE_RECURSION = YES;
				CLANG_WARN_INT_CONVERSION = YES;
				CLANG_WARN_NON_LITERAL_NULL_CONVERSION = YES;
				CLANG_WARN_OBJC_IMPLICIT_RETAIN_SELF = YES;
				CLANG_WARN_OBJC_LITERAL_CONVERSION = YES;
				CLANG_WARN_OBJC_ROOT_CLASS = YES_ERROR;
				CLANG_WARN_QUOTED_INCLUDE_IN_FRAMEWORK_HEADER = YES;
				CLANG_WARN_RANGE_LOOP_ANALYSIS = YES;
				CLANG_WARN_STRICT_PROTOTYPES = YES;
				CLANG_WARN_SUSPICIOUS_MOVE = YES;
				CLANG_WARN_UNGUARDED_AVAILABILITY = YES_AGGRESSIVE;
				CLANG_WARN_UNREACHABLE_CODE = YES;
				CLANG_WARN__DUPLICATE_METHOD_MATCH = YES;
				COPY_PHASE_STRIP = NO;
				DEBUG_INFORMATION_FORMAT = dwarf;
				ENABLE_STRICT_OBJC_MSGSEND = YES;
				ENABLE_TESTABILITY = YES;
				ENABLE_USER_SCRIPT_SANDBOXING = YES;
				GCC_C_LANGUAGE_STANDARD = gnu17;
				GCC_DYNAMIC_NO_PIC = NO;
				GCC_NO_COMMON_BLOCKS = YES;
				GCC_OPTIMIZATION_LEVEL = 0;
				GCC_PREPROCESSOR_DEFINITIONS = (
					"DEBUG=1",
					"$(inherited)",
				);
				GCC_WARN_64_TO_32_BIT_CONVERSION = YES;
				GCC_WARN_ABOUT_RETURN_TYPE = YES_ERROR;
				GCC_WARN_UNDECLARED_SELECTOR = YES;
				GCC_WARN_UNINITIALIZED_AUTOS = YES_AGGRESSIVE;
				GCC_WARN_UNUSED_FUNCTION = YES;
				GCC_WARN_UNUSED_VARIABLE = YES;
				IPHONEOS_DEPLOYMENT_TARGET = 16.0;
				LOCALIZATION_PREFERS_STRING_CATALOGS = YES;
				MTL_ENABLE_DEBUG_INFO = INCLUDE_SOURCE;
				MTL_FAST_MATH = YES;
				ONLY_ACTIVE_ARCH = YES;
				SDKROOT = iphoneos;
				SWIFT_ACTIVE_COMPILATION_CONDITIONS = "DEBUG $(inherited)";
				SWIFT_OPTIMIZATION_LEVEL = "-Onone";
			};
			name = Debug;
		};
		63AC79262B6BC9420022991A /* Release */ = {
			isa = XCBuildConfiguration;
			buildSettings = {
				ALWAYS_SEARCH_USER_PATHS = NO;
				ASSETCATALOG_COMPILER_GENERATE_SWIFT_ASSET_SYMBOL_EXTENSIONS = YES;
				CLANG_ANALYZER_NONNULL = YES;
				CLANG_ANALYZER_NUMBER_OBJECT_CONVERSION = YES_AGGRESSIVE;
				CLANG_CXX_LANGUAGE_STANDARD = "gnu++20";
				CLANG_ENABLE_MODULES = YES;
				CLANG_ENABLE_OBJC_ARC = YES;
				CLANG_ENABLE_OBJC_WEAK = YES;
				CLANG_WARN_BLOCK_CAPTURE_AUTORELEASING = YES;
				CLANG_WARN_BOOL_CONVERSION = YES;
				CLANG_WARN_COMMA = YES;
				CLANG_WARN_CONSTANT_CONVERSION = YES;
				CLANG_WARN_DEPRECATED_OBJC_IMPLEMENTATIONS = YES;
				CLANG_WARN_DIRECT_OBJC_ISA_USAGE = YES_ERROR;
				CLANG_WARN_DOCUMENTATION_COMMENTS = YES;
				CLANG_WARN_EMPTY_BODY = YES;
				CLANG_WARN_ENUM_CONVERSION = YES;
				CLANG_WARN_INFINITE_RECURSION = YES;
				CLANG_WARN_INT_CONVERSION = YES;
				CLANG_WARN_NON_LITERAL_NULL_CONVERSION = YES;
				CLANG_WARN_OBJC_IMPLICIT_RETAIN_SELF = YES;
				CLANG_WARN_OBJC_LITERAL_CONVERSION = YES;
				CLANG_WARN_OBJC_ROOT_CLASS = YES_ERROR;
				CLANG_WARN_QUOTED_INCLUDE_IN_FRAMEWORK_HEADER = YES;
				CLANG_WARN_RANGE_LOOP_ANALYSIS = YES;
				CLANG_WARN_STRICT_PROTOTYPES = YES;
				CLANG_WARN_SUSPICIOUS_MOVE = YES;
				CLANG_WARN_UNGUARDED_AVAILABILITY = YES_AGGRESSIVE;
				CLANG_WARN_UNREACHABLE_CODE = YES;
				CLANG_WARN__DUPLICATE_METHOD_MATCH = YES;
				COPY_PHASE_STRIP = NO;
				DEBUG_INFORMATION_FORMAT = "dwarf-with-dsym";
				ENABLE_NS_ASSERTIONS = NO;
				ENABLE_STRICT_OBJC_MSGSEND = YES;
				ENABLE_USER_SCRIPT_SANDBOXING = YES;
				GCC_C_LANGUAGE_STANDARD = gnu17;
				GCC_NO_COMMON_BLOCKS = YES;
				GCC_WARN_64_TO_32_BIT_CONVERSION = YES;
				GCC_WARN_ABOUT_RETURN_TYPE = YES_ERROR;
				GCC_WARN_UNDECLARED_SELECTOR = YES;
				GCC_WARN_UNINITIALIZED_AUTOS = YES_AGGRESSIVE;
				GCC_WARN_UNUSED_FUNCTION = YES;
				GCC_WARN_UNUSED_VARIABLE = YES;
				IPHONEOS_DEPLOYMENT_TARGET = 16.0;
				LOCALIZATION_PREFERS_STRING_CATALOGS = YES;
				MTL_ENABLE_DEBUG_INFO = NO;
				MTL_FAST_MATH = YES;
				SDKROOT = iphoneos;
				SWIFT_COMPILATION_MODE = wholemodule;
				VALIDATE_PRODUCT = YES;
			};
			name = Release;
		};
		63AC79282B6BC9420022991A /* Debug */ = {
			isa = XCBuildConfiguration;
			buildSettings = {
				ASSETCATALOG_COMPILER_APPICON_NAME = AppIcon;
				ASSETCATALOG_COMPILER_GLOBAL_ACCENT_COLOR_NAME = AccentColor;
				CODE_SIGN_STYLE = Automatic;
				CURRENT_PROJECT_VERSION = 1;
				DEVELOPMENT_ASSET_PATHS = "\"PuppyPicker/Preview Content\"";
				DEVELOPMENT_TEAM = RQD3YR566W;
				ENABLE_PREVIEWS = YES;
				GENERATE_INFOPLIST_FILE = YES;
				INFOPLIST_KEY_UIApplicationSceneManifest_Generation = YES;
				INFOPLIST_KEY_UIApplicationSupportsIndirectInputEvents = YES;
				INFOPLIST_KEY_UILaunchScreen_Generation = YES;
				INFOPLIST_KEY_UISupportedInterfaceOrientations_iPad = "UIInterfaceOrientationPortrait UIInterfaceOrientationPortraitUpsideDown UIInterfaceOrientationLandscapeLeft UIInterfaceOrientationLandscapeRight";
				INFOPLIST_KEY_UISupportedInterfaceOrientations_iPhone = "UIInterfaceOrientationPortrait UIInterfaceOrientationLandscapeLeft UIInterfaceOrientationLandscapeRight";
				IPHONEOS_DEPLOYMENT_TARGET = 16.0;
				LD_RUNPATH_SEARCH_PATHS = (
					"$(inherited)",
					"@executable_path/Frameworks",
				);
				MARKETING_VERSION = 1.0;
				PRODUCT_BUNDLE_IDENTIFIER = com.jamespenny.PuppyPicker;
				PRODUCT_NAME = "$(TARGET_NAME)";
				SUPPORTED_PLATFORMS = "iphoneos iphonesimulator";
				SUPPORTS_MACCATALYST = NO;
				SUPPORTS_MAC_DESIGNED_FOR_IPHONE_IPAD = NO;
				SUPPORTS_XR_DESIGNED_FOR_IPHONE_IPAD = NO;
				SWIFT_EMIT_LOC_STRINGS = YES;
				SWIFT_VERSION = 5.0;
				TARGETED_DEVICE_FAMILY = 1;
			};
			name = Debug;
		};
		63AC79292B6BC9420022991A /* Release */ = {
			isa = XCBuildConfiguration;
			buildSettings = {
				ASSETCATALOG_COMPILER_APPICON_NAME = AppIcon;
				ASSETCATALOG_COMPILER_GLOBAL_ACCENT_COLOR_NAME = AccentColor;
				CODE_SIGN_STYLE = Automatic;
				CURRENT_PROJECT_VERSION = 1;
				DEVELOPMENT_ASSET_PATHS = "\"PuppyPicker/Preview Content\"";
				DEVELOPMENT_TEAM = RQD3YR566W;
				ENABLE_PREVIEWS = YES;
				GENERATE_INFOPLIST_FILE = YES;
				INFOPLIST_KEY_UIApplicationSceneManifest_Generation = YES;
				INFOPLIST_KEY_UIApplicationSupportsIndirectInputEvents = YES;
				INFOPLIST_KEY_UILaunchScreen_Generation = YES;
				INFOPLIST_KEY_UISupportedInterfaceOrientations_iPad = "UIInterfaceOrientationPortrait UIInterfaceOrientationPortraitUpsideDown UIInterfaceOrientationLandscapeLeft UIInterfaceOrientationLandscapeRight";
				INFOPLIST_KEY_UISupportedInterfaceOrientations_iPhone = "UIInterfaceOrientationPortrait UIInterfaceOrientationLandscapeLeft UIInterfaceOrientationLandscapeRight";
				IPHONEOS_DEPLOYMENT_TARGET = 16.0;
				LD_RUNPATH_SEARCH_PATHS = (
					"$(inherited)",
					"@executable_path/Frameworks",
				);
				MARKETING_VERSION = 1.0;
				PRODUCT_BUNDLE_IDENTIFIER = com.jamespenny.PuppyPicker;
				PRODUCT_NAME = "$(TARGET_NAME)";
				SUPPORTED_PLATFORMS = "iphoneos iphonesimulator";
				SUPPORTS_MACCATALYST = NO;
				SUPPORTS_MAC_DESIGNED_FOR_IPHONE_IPAD = NO;
				SUPPORTS_XR_DESIGNED_FOR_IPHONE_IPAD = NO;
				SWIFT_EMIT_LOC_STRINGS = YES;
				SWIFT_VERSION = 5.0;
				TARGETED_DEVICE_FAMILY = 1;
			};
			name = Release;
		};
		63AC792B2B6BC9420022991A /* Debug */ = {
			isa = XCBuildConfiguration;
			buildSettings = {
				ALWAYS_EMBED_SWIFT_STANDARD_LIBRARIES = YES;
				BUNDLE_LOADER = "$(TEST_HOST)";
				CODE_SIGN_STYLE = Automatic;
				CURRENT_PROJECT_VERSION = 1;
				DEVELOPMENT_TEAM = RQD3YR566W;
				GENERATE_INFOPLIST_FILE = YES;
				IPHONEOS_DEPLOYMENT_TARGET = 17.2;
				MARKETING_VERSION = 1.0;
				PRODUCT_BUNDLE_IDENTIFIER = com.jamespenny.PuppyPickerTests;
				PRODUCT_NAME = "$(TARGET_NAME)";
				SWIFT_EMIT_LOC_STRINGS = NO;
				SWIFT_VERSION = 5.0;
				TARGETED_DEVICE_FAMILY = "1,2";
				TEST_HOST = "$(BUILT_PRODUCTS_DIR)/PuppyPicker.app/$(BUNDLE_EXECUTABLE_FOLDER_PATH)/PuppyPicker";
			};
			name = Debug;
		};
		63AC792C2B6BC9420022991A /* Release */ = {
			isa = XCBuildConfiguration;
			buildSettings = {
				ALWAYS_EMBED_SWIFT_STANDARD_LIBRARIES = YES;
				BUNDLE_LOADER = "$(TEST_HOST)";
				CODE_SIGN_STYLE = Automatic;
				CURRENT_PROJECT_VERSION = 1;
				DEVELOPMENT_TEAM = RQD3YR566W;
				GENERATE_INFOPLIST_FILE = YES;
				IPHONEOS_DEPLOYMENT_TARGET = 17.2;
				MARKETING_VERSION = 1.0;
				PRODUCT_BUNDLE_IDENTIFIER = com.jamespenny.PuppyPickerTests;
				PRODUCT_NAME = "$(TARGET_NAME)";
				SWIFT_EMIT_LOC_STRINGS = NO;
				SWIFT_VERSION = 5.0;
				TARGETED_DEVICE_FAMILY = "1,2";
				TEST_HOST = "$(BUILT_PRODUCTS_DIR)/PuppyPicker.app/$(BUNDLE_EXECUTABLE_FOLDER_PATH)/PuppyPicker";
			};
			name = Release;
		};
		63AC792E2B6BC9420022991A /* Debug */ = {
			isa = XCBuildConfiguration;
			buildSettings = {
				ALWAYS_EMBED_SWIFT_STANDARD_LIBRARIES = YES;
				CODE_SIGN_STYLE = Automatic;
				CURRENT_PROJECT_VERSION = 1;
				DEVELOPMENT_TEAM = RQD3YR566W;
				GENERATE_INFOPLIST_FILE = YES;
				MARKETING_VERSION = 1.0;
				PRODUCT_BUNDLE_IDENTIFIER = com.jamespenny.PuppyPickerUITests;
				PRODUCT_NAME = "$(TARGET_NAME)";
				SWIFT_EMIT_LOC_STRINGS = NO;
				SWIFT_VERSION = 5.0;
				TARGETED_DEVICE_FAMILY = "1,2";
				TEST_TARGET_NAME = PuppyPicker;
			};
			name = Debug;
		};
		63AC792F2B6BC9420022991A /* Release */ = {
			isa = XCBuildConfiguration;
			buildSettings = {
				ALWAYS_EMBED_SWIFT_STANDARD_LIBRARIES = YES;
				CODE_SIGN_STYLE = Automatic;
				CURRENT_PROJECT_VERSION = 1;
				DEVELOPMENT_TEAM = RQD3YR566W;
				GENERATE_INFOPLIST_FILE = YES;
				MARKETING_VERSION = 1.0;
				PRODUCT_BUNDLE_IDENTIFIER = com.jamespenny.PuppyPickerUITests;
				PRODUCT_NAME = "$(TARGET_NAME)";
				SWIFT_EMIT_LOC_STRINGS = NO;
				SWIFT_VERSION = 5.0;
				TARGETED_DEVICE_FAMILY = "1,2";
				TEST_TARGET_NAME = PuppyPicker;
			};
			name = Release;
		};
/* End XCBuildConfiguration section */

/* Begin XCConfigurationList section */
		63AC78FE2B6BC93F0022991A /* Build configuration list for PBXProject "PuppyPicker" */ = {
			isa = XCConfigurationList;
			buildConfigurations = (
				63AC79252B6BC9420022991A /* Debug */,
				63AC79262B6BC9420022991A /* Release */,
			);
			defaultConfigurationIsVisible = 0;
			defaultConfigurationName = Release;
		};
		63AC79272B6BC9420022991A /* Build configuration list for PBXNativeTarget "PuppyPicker" */ = {
			isa = XCConfigurationList;
			buildConfigurations = (
				63AC79282B6BC9420022991A /* Debug */,
				63AC79292B6BC9420022991A /* Release */,
			);
			defaultConfigurationIsVisible = 0;
			defaultConfigurationName = Release;
		};
		63AC792A2B6BC9420022991A /* Build configuration list for PBXNativeTarget "PuppyPickerTests" */ = {
			isa = XCConfigurationList;
			buildConfigurations = (
				63AC792B2B6BC9420022991A /* Debug */,
				63AC792C2B6BC9420022991A /* Release */,
			);
			defaultConfigurationIsVisible = 0;
			defaultConfigurationName = Release;
		};
		63AC792D2B6BC9420022991A /* Build configuration list for PBXNativeTarget "PuppyPickerUITests" */ = {
			isa = XCConfigurationList;
			buildConfigurations = (
				63AC792E2B6BC9420022991A /* Debug */,
				63AC792F2B6BC9420022991A /* Release */,
			);
			defaultConfigurationIsVisible = 0;
			defaultConfigurationName = Release;
		};
/* End XCConfigurationList section */
	};
	rootObject = 63AC78FB2B6BC93F0022991A /* Project object */;
}
